
Microsoft Visual Studio Solution File, Format Version 12.00
# Visual Studio Version 16
VisualStudioVersion = 16.0.31105.61
MinimumVisualStudioVersion = 10.0.40219.1
Project("{FAE04EC0-301F-11D3-BF4B-00C04F79EFBC}") = "Forum", "Forum\Forum.csproj", "{CADDA462-AB50-4C22-8096-C90641206972}"
EndProject
Global
	GlobalSection(SolutionConfigurationPlatforms) = preSolution
		Debug|Any CPU = Debug|Any CPU
		Release|Any CPU = Release|Any CPU
	EndGlobalSection
	GlobalSection(ProjectConfigurationPlatforms) = postSolution
		{CADDA462-AB50-4C22-8096-C90641206972}.Debug|Any CPU.ActiveCfg = Debug|Any CPU
		{CADDA462-AB50-4C22-8096-C90641206972}.Debug|Any CPU.Build.0 = Debug|Any CPU
		{CADDA462-AB50-4C22-8096-C90641206972}.Release|Any CPU.ActiveCfg = Release|Any CPU
		{CADDA462-AB50-4C22-8096-C90641206972}.Release|Any CPU.Build.0 = Release|Any CPU
	EndGlobalSection
	GlobalSection(SolutionProperties) = preSolution
		HideSolutionNode = FALSE
	EndGlobalSection
	GlobalSection(ExtensibilityGlobals) = postSolution
		SolutionGuid = {5CF92EE0-1306-43C1-AC45-C1CC41E6B169}
	EndGlobalSection
EndGlobal
